{
  "R": {
    "Version": "4.1.1",
    "Repositories": [
      {
        "Name": "CRAN",
        "URL": "https://cloud.r-project.org"
      },
      {
        "Name": "BioCsoft",
        "URL": "https://bioconductor.org/packages/3.13/bioc"
      }
    ]
  },
  "Bioconductor": {
    "Version": "3.13"
  },
  "Packages": {
    "Biobase": {
      "Package": "Biobase",
      "Version": "2.52.0",
      "Source": "Bioconductor",
      "git_url": "https://git.bioconductor.org/packages/Biobase",
      "git_branch": "RELEASE_3_13",
      "git_last_commit": "be5163c",
      "git_last_commit_date": "2021-05-19",
      "Hash": "416e5025920f5c337ca9d67954332d2c",
      "Requirements": [
        "BiocGenerics"
      ]
    },
    "BiocGenerics": {
      "Package": "BiocGenerics",
      "Version": "0.38.0",
      "Source": "Bioconductor",
      "git_url": "https://git.bioconductor.org/packages/BiocGenerics",
      "git_branch": "RELEASE_3_13",
      "git_last_commit": "1db849a",
      "git_last_commit_date": "2021-05-19",
      "Hash": "de5e346fed0fc44a0424a0531cf5d12d",
      "Requirements": []
    },
    "BiocManager": {
      "Package": "BiocManager",
      "Version": "1.30.16",
      "Source": "Repository",
      "Repository": "CRAN",
      "Hash": "2fdca0877debdd4668190832cdee4c31",
      "Requirements": []
    },
    "BiocVersion": {
      "Package": "BiocVersion",
      "Version": "3.13.1",
      "Source": "Bioconductor",
      "git_url": "https://git.bioconductor.org/packages/BiocVersion",
      "git_branch": "master",
      "git_last_commit": "3466413",
      "git_last_commit_date": "2020-10-27",
      "Hash": "94abf4508341d86378c2a78d219b3fca",
      "Requirements": []
    },
    "DESeq2": {
      "Package": "DESeq2",
      "Version": "1.32.0",
      "Source": "Bioconductor",
      "git_url": "https://git.bioconductor.org/packages/DESeq2",
      "git_branch": "RELEASE_3_13",
      "git_last_commit": "d2820e0",
      "git_last_commit_date": "2021-05-19",
      "Hash": "d09f122289f9f80b45fc6c054930a63d",
      "Requirements": [
        "Biobase",
        "BiocGenerics",
        "GenomicRanges",
        "IRanges",
        "S4Vectors",
        "SummarizedExperiment",
        "ggplot2"
      ]
    },
    "DT": {
      "Package": "DT",
      "Version": "0.18",
      "Source": "Repository",
      "Repository": "CRAN",
      "Hash": "a7d6660c869d4f41f856504828af4645",
      "Requirements": []
    },
    "GenomeInfoDb": {
      "Package": "GenomeInfoDb",
      "Version": "1.28.4",
      "Source": "Bioconductor",
      "git_url": "https://git.bioconductor.org/packages/GenomeInfoDb",
      "git_branch": "RELEASE_3_13",
      "git_last_commit": "3de2a41",
      "git_last_commit_date": "2021-09-03",
      "Hash": "a714b774778a0c51a208a63ff5efb9b7",
      "Requirements": [
        "BiocGenerics",
        "IRanges",
        "S4Vectors"
      ]
    },
    "GenomicRanges": {
      "Package": "GenomicRanges",
      "Version": "1.44.0",
      "Source": "Bioconductor",
      "git_url": "https://git.bioconductor.org/packages/GenomicRanges",
      "git_branch": "RELEASE_3_13",
      "git_last_commit": "d27fdc8",
      "git_last_commit_date": "2021-05-19",
      "Hash": "a2c2100168457acebeca6b365bb87bfc",
      "Requirements": [
        "BiocGenerics",
        "GenomeInfoDb",
        "IRanges",
        "S4Vectors"
      ]
    },
    "IRanges": {
      "Package": "IRanges",
      "Version": "2.26.0",
      "Source": "Bioconductor",
      "git_url": "https://git.bioconductor.org/packages/IRanges",
      "git_branch": "RELEASE_3_13",
      "git_last_commit": "3195613",
      "git_last_commit_date": "2021-05-19",
      "Hash": "7859b18fedba59e99467df40b42e3553",
      "Requirements": [
        "BiocGenerics",
        "S4Vectors"
      ]
    },
    "MatrixGenerics": {
      "Package": "MatrixGenerics",
      "Version": "1.4.3",
      "Source": "Bioconductor",
      "git_url": "https://git.bioconductor.org/packages/MatrixGenerics",
      "git_branch": "RELEASE_3_13",
      "git_last_commit": "a651a24",
      "git_last_commit_date": "2021-08-25",
      "Hash": "cd9223fc4688653e947f1e226a9e020d",
      "Requirements": [
        "matrixStats"
      ]
    },
    "S4Vectors": {
      "Package": "S4Vectors",
      "Version": "0.30.2",
      "Source": "Bioconductor",
      "git_url": "https://git.bioconductor.org/packages/S4Vectors",
      "git_branch": "RELEASE_3_13",
      "git_last_commit": "87b7827",
      "git_last_commit_date": "2021-09-30",
      "Hash": "552d05eaeb134c824ced45ee4a2a2c02",
      "Requirements": [
        "BiocGenerics"
      ]
    },
    "SummarizedExperiment": {
      "Package": "SummarizedExperiment",
      "Version": "1.22.0",
      "Source": "Bioconductor",
      "git_url": "https://git.bioconductor.org/packages/SummarizedExperiment",
      "git_branch": "RELEASE_3_13",
      "git_last_commit": "7d1110e",
      "git_last_commit_date": "2021-05-19",
      "Hash": "74391cb9cefb4bcdffc38778fea7ecf3",
      "Requirements": [
        "Biobase",
        "BiocGenerics",
        "GenomeInfoDb",
        "GenomicRanges",
        "IRanges",
        "MatrixGenerics",
        "S4Vectors"
      ]
    },
    "colourpicker": {
      "Package": "colourpicker",
      "Version": "1.1.0",
      "Source": "Repository",
      "Repository": "CRAN",
      "Hash": "fe0cb3d8854c168aef827aeab4b3b473",
      "Requirements": [
        "ggplot2",
        "shiny",
        "shinyjs"
      ]
    },
    "dplyr": {
      "Package": "dplyr",
      "Version": "1.0.7",
      "Source": "Repository",
      "Repository": "CRAN",
      "Hash": "36f1ae62f026c8ba9f9b5c9a08c03297",
      "Requirements": [
        "rlang"
      ]
    },
    "edgeR": {
      "Package": "edgeR",
      "Version": "3.34.1",
      "Source": "Bioconductor",
      "git_url": "https://git.bioconductor.org/packages/edgeR",
      "git_branch": "RELEASE_3_13",
      "git_last_commit": "0a0c62a",
      "git_last_commit_date": "2021-09-03",
      "Hash": "214e5bccb0d2bf3d7e724dc7073d2113",
      "Requirements": [
        "limma"
      ]
    },
    "ggplot2": {
      "Package": "ggplot2",
      "Version": "3.3.5",
      "Source": "Repository",
      "Repository": "CRAN",
      "Hash": "d7566c471c7b17e095dd023b9ef155ad",
      "Requirements": [
        "rlang",
        "withr"
      ]
    },
    "gridExtra": {
      "Package": "gridExtra",
      "Version": "2.3",
      "Source": "Repository",
      "Repository": "CRAN",
      "Hash": "7d7f283939f563670a697165b2cf5560",
      "Requirements": []
    },
    "limma": {
      "Package": "limma",
      "Version": "3.48.3",
      "Source": "Bioconductor",
      "git_url": "https://git.bioconductor.org/packages/limma",
      "git_branch": "RELEASE_3_13",
      "git_last_commit": "80282e9",
      "git_last_commit_date": "2021-08-09",
      "Hash": "61010acc75a8ef2e7e08eb907d9a551c",
      "Requirements": []
    },
    "markdown": {
      "Package": "markdown",
      "Version": "1.1",
      "Source": "Repository",
      "Repository": "CRAN",
      "Hash": "61e4a10781dd00d7d81dd06ca9b94e95",
      "Requirements": []
    },
    "matrixStats": {
      "Package": "matrixStats",
      "Version": "0.60.1",
      "Source": "Repository",
      "Repository": "CRAN",
      "Hash": "c3cd22becabe4f29ee047221cc2b89ae",
      "Requirements": []
    },
    "plotly": {
      "Package": "plotly",
      "Version": "4.10.0",
      "Source": "Repository",
      "Repository": "CRAN",
      "Hash": "fbb11e44d057996ca5fe40d959cacfb0",
      "Requirements": [
        "dplyr",
        "ggplot2",
        "purrr",
        "rlang"
      ]
    },
    "purrr": {
      "Package": "purrr",
      "Version": "0.3.4",
      "Source": "Repository",
      "Repository": "CRAN",
      "Hash": "97def703420c8ab10d8f0e6c72101e02",
      "Requirements": [
        "rlang"
      ]
    },
    "readr": {
      "Package": "readr",
      "Version": "2.0.1",
      "Source": "Repository",
      "Repository": "CRAN",
      "Hash": "34807ea4fb5900386ddef904eef8bdb8",
      "Requirements": [
        "rlang"
      ]
    },
    "renv": {
      "Package": "renv",
      "Version": "0.16.0",
      "Source": "Repository",
      "Repository": "CRAN",
      "Hash": "c9e8442ab69bc21c9697ecf856c1e6c7",
      "Requirements": []
    },
    "reshape2": {
      "Package": "reshape2",
      "Version": "1.4.4",
      "Source": "Repository",
      "Repository": "CRAN",
      "Hash": "bb5996d0bd962d214a11140d77589917",
      "Requirements": [
        "stringr"
      ]
    },
    "reticulate": {
      "Package": "reticulate",
      "Version": "1.26",
      "Source": "Repository",
      "Repository": "CRAN",
      "Hash": "91c176c84a2e3558572d2cbaddc08bd4",
      "Requirements": [
        "withr"
      ]
    },
    "rlang": {
      "Package": "rlang",
      "Version": "1.0.6",
      "Source": "Repository",
      "Repository": "CRAN",
      "Hash": "4ed1f8336c8d52c3e750adcdc57228a7",
      "Requirements": []
    },
    "shiny": {
      "Package": "shiny",
      "Version": "1.6.0",
      "Source": "Repository",
      "Repository": "CRAN",
      "Hash": "6e3b6ae7fe02b5859e4bb277f218b8ae",
      "Requirements": [
        "rlang",
        "withr"
      ]
    },
    "shinyBS": {
      "Package": "shinyBS",
      "Version": "0.61",
      "Source": "Repository",
      "Repository": "CRAN",
      "Hash": "f895dafd39733c4a70d425f605a832e7",
      "Requirements": [
        "shiny"
      ]
    },
    "shinyWidgets": {
      "Package": "shinyWidgets",
      "Version": "0.6.0",
      "Source": "Repository",
      "Repository": "CRAN",
      "Hash": "7dd5f3ee96c64a47fdbc6e437ff1c7e1",
      "Requirements": [
        "shiny"
      ]
    },
    "shinyalert": {
      "Package": "shinyalert",
      "Version": "2.0.0",
      "Source": "Repository",
      "Repository": "CRAN",
      "Hash": "a130b62f6d5533fcc1cab6c8161358d9",
      "Requirements": [
        "shiny"
      ]
    },
    "shinycssloaders": {
      "Package": "shinycssloaders",
      "Version": "1.0.0",
      "Source": "Repository",
      "Repository": "CRAN",
      "Hash": "f39bb3c44a9b496723ec7e86f9a771d8",
      "Requirements": [
        "shiny"
      ]
    },
    "shinyjs": {
      "Package": "shinyjs",
      "Version": "2.0.0",
      "Source": "Repository",
      "Repository": "CRAN",
      "Hash": "9ddfc91d4280eaa34c2103951538976f",
      "Requirements": [
        "shiny"
      ]
    },
    "stringr": {
      "Package": "stringr",
      "Version": "1.4.0",
      "Source": "Repository",
      "Repository": "CRAN",
      "Hash": "0759e6b6c0957edb1311028a49a35e76",
      "Requirements": []
    },
    "withr": {
      "Package": "withr",
      "Version": "2.5.0",
      "Source": "CRAN",
      "Repository": "CRAN",
      "RemoteType": "standard",
      "RemotePkgRef": "withr",
      "RemoteRef": "withr",
      "RemoteRepos": "http://cran.rstudio.com",
      "RemotePkgPlatform": "x86_64-apple-darwin17.0",
      "RemoteSha": "2.5.0",
      "Hash": "c0e49a9760983e81e55cdd9be92e7182",
      "Requirements": []
    },
    "yaml": {
      "Package": "yaml",
      "Version": "2.2.1",
      "Source": "Repository",
      "Repository": "CRAN",
      "Hash": "2826c5d9efb0a88f657c7a679c7106db",
      "Requirements": []
    }
  }
}
